// !$*UTF8*$!
{
	archiveVersion = 1;
	classes = {
	};
	objectVersion = 50;
	objects = {

/* Begin PBXBuildFile section */
		98236330244ABD5800D16D78 /* UtilityFunctions.cpp in Sources */ = {isa = PBXBuildFile; fileRef = 9823632E244ABD5800D16D78 /* UtilityFunctions.cpp */; };
		98236333244B166C00D16D78 /* CreateFunctions.cpp in Sources */ = {isa = PBXBuildFile; fileRef = 98236331244B166C00D16D78 /* CreateFunctions.cpp */; };
		98236339244B5F4E00D16D78 /* MainMenu.cpp in Sources */ = {isa = PBXBuildFile; fileRef = 98236337244B5F4D00D16D78 /* MainMenu.cpp */; };
		9823633C244B5FC400D16D78 /* Comparators.cpp in Sources */ = {isa = PBXBuildFile; fileRef = 9823633A244B5FC400D16D78 /* Comparators.cpp */; };
		9823633F244B683A00D16D78 /* SortFunctions.cpp in Sources */ = {isa = PBXBuildFile; fileRef = 9823633D244B683A00D16D78 /* SortFunctions.cpp */; };
		98236348244C39CB00D16D78 /* SearchFunctions.cpp in Sources */ = {isa = PBXBuildFile; fileRef = 98236346244C39CB00D16D78 /* SearchFunctions.cpp */; };
		983607BB2449B6F200BC2CBC /* main.cpp in Sources */ = {isa = PBXBuildFile; fileRef = 983607BA2449B6F200BC2CBC /* main.cpp */; };
		983607C72449B87400BC2CBC /* Property.cpp in Sources */ = {isa = PBXBuildFile; fileRef = 983607C52449B87400BC2CBC /* Property.cpp */; };
		983607CC2449B89F00BC2CBC /* House.cpp in Sources */ = {isa = PBXBuildFile; fileRef = 983607CA2449B89F00BC2CBC /* House.cpp */; };
		983607CF2449B8BC00BC2CBC /* Apartment.cpp in Sources */ = {isa = PBXBuildFile; fileRef = 983607CD2449B8BC00BC2CBC /* Apartment.cpp */; };
		983607D52449B9C500BC2CBC /* Area.cpp in Sources */ = {isa = PBXBuildFile; fileRef = 983607D32449B9C500BC2CBC /* Area.cpp */; };
		983607D8244AB8E000BC2CBC /* FileSystemManager.cpp in Sources */ = {isa = PBXBuildFile; fileRef = 983607D6244AB8E000BC2CBC /* FileSystemManager.cpp */; };
		9852163C244C7F86008669D8 /* ViewMenu.cpp in Sources */ = {isa = PBXBuildFile; fileRef = 9852163A244C7F86008669D8 /* ViewMenu.cpp */; };
/* End PBXBuildFile section */

/* Begin PBXCopyFilesBuildPhase section */
		983607B52449B6F200BC2CBC /* CopyFiles */ = {
			isa = PBXCopyFilesBuildPhase;
			buildActionMask = 2147483647;
			dstPath = /usr/share/man/man1/;
			dstSubfolderSpec = 0;
			files = (
			);
			runOnlyForDeploymentPostprocessing = 1;
		};
/* End PBXCopyFilesBuildPhase section */

/* Begin PBXFileReference section */
		9823632E244ABD5800D16D78 /* UtilityFunctions.cpp */ = {isa = PBXFileReference; lastKnownFileType = sourcecode.cpp.cpp; path = UtilityFunctions.cpp; sourceTree = "<group>"; };
		98236331244B166C00D16D78 /* CreateFunctions.cpp */ = {isa = PBXFileReference; lastKnownFileType = sourcecode.cpp.cpp; path = CreateFunctions.cpp; sourceTree = "<group>"; };
		98236332244B166C00D16D78 /* CreateFunctions.hpp */ = {isa = PBXFileReference; lastKnownFileType = sourcecode.cpp.h; path = CreateFunctions.hpp; sourceTree = "<group>"; };
		98236337244B5F4D00D16D78 /* MainMenu.cpp */ = {isa = PBXFileReference; lastKnownFileType = sourcecode.cpp.cpp; path = MainMenu.cpp; sourceTree = "<group>"; };
		98236338244B5F4D00D16D78 /* MainMenu.hpp */ = {isa = PBXFileReference; lastKnownFileType = sourcecode.cpp.h; path = MainMenu.hpp; sourceTree = "<group>"; };
		9823633A244B5FC400D16D78 /* Comparators.cpp */ = {isa = PBXFileReference; lastKnownFileType = sourcecode.cpp.cpp; path = Comparators.cpp; sourceTree = "<group>"; };
		9823633B244B5FC400D16D78 /* Comparators.hpp */ = {isa = PBXFileReference; lastKnownFileType = sourcecode.cpp.h; path = Comparators.hpp; sourceTree = "<group>"; };
		9823633D244B683A00D16D78 /* SortFunctions.cpp */ = {isa = PBXFileReference; lastKnownFileType = sourcecode.cpp.cpp; path = SortFunctions.cpp; sourceTree = "<group>"; };
		9823633E244B683A00D16D78 /* SortFunctions.hpp */ = {isa = PBXFileReference; lastKnownFileType = sourcecode.cpp.h; path = SortFunctions.hpp; sourceTree = "<group>"; };
		98236341244C272E00D16D78 /* UtilityFunctions.hpp */ = {isa = PBXFileReference; lastKnownFileType = sourcecode.cpp.h; path = UtilityFunctions.hpp; sourceTree = "<group>"; };
		98236346244C39CB00D16D78 /* SearchFunctions.cpp */ = {isa = PBXFileReference; lastKnownFileType = sourcecode.cpp.cpp; path = SearchFunctions.cpp; sourceTree = "<group>"; };
		98236347244C39CB00D16D78 /* SearchFunctions.hpp */ = {isa = PBXFileReference; lastKnownFileType = sourcecode.cpp.h; path = SearchFunctions.hpp; sourceTree = "<group>"; };
		983607B72449B6F200BC2CBC /* OOP_5 */ = {isa = PBXFileReference; explicitFileType = "compiled.mach-o.executable"; includeInIndex = 0; path = OOP_5; sourceTree = BUILT_PRODUCTS_DIR; };
		983607BA2449B6F200BC2CBC /* main.cpp */ = {isa = PBXFileReference; lastKnownFileType = sourcecode.cpp.cpp; path = main.cpp; sourceTree = "<group>"; };
		983607C52449B87400BC2CBC /* Property.cpp */ = {isa = PBXFileReference; lastKnownFileType = sourcecode.cpp.cpp; path = Property.cpp; sourceTree = "<group>"; };
		983607C62449B87400BC2CBC /* Property.hpp */ = {isa = PBXFileReference; lastKnownFileType = sourcecode.cpp.h; path = Property.hpp; sourceTree = "<group>"; };
		983607CA2449B89F00BC2CBC /* House.cpp */ = {isa = PBXFileReference; lastKnownFileType = sourcecode.cpp.cpp; path = House.cpp; sourceTree = "<group>"; };
		983607CB2449B89F00BC2CBC /* House.hpp */ = {isa = PBXFileReference; lastKnownFileType = sourcecode.cpp.h; path = House.hpp; sourceTree = "<group>"; };
		983607CD2449B8BC00BC2CBC /* Apartment.cpp */ = {isa = PBXFileReference; lastKnownFileType = sourcecode.cpp.cpp; path = Apartment.cpp; sourceTree = "<group>"; };
		983607CE2449B8BC00BC2CBC /* Apartment.hpp */ = {isa = PBXFileReference; lastKnownFileType = sourcecode.cpp.h; path = Apartment.hpp; sourceTree = "<group>"; };
		983607D32449B9C500BC2CBC /* Area.cpp */ = {isa = PBXFileReference; lastKnownFileType = sourcecode.cpp.cpp; path = Area.cpp; sourceTree = "<group>"; };
		983607D42449B9C500BC2CBC /* Area.hpp */ = {isa = PBXFileReference; lastKnownFileType = sourcecode.cpp.h; path = Area.hpp; sourceTree = "<group>"; };
		983607D6244AB8E000BC2CBC /* FileSystemManager.cpp */ = {isa = PBXFileReference; lastKnownFileType = sourcecode.cpp.cpp; path = FileSystemManager.cpp; sourceTree = "<group>"; };
		983607D7244AB8E000BC2CBC /* FileSystemManager.hpp */ = {isa = PBXFileReference; lastKnownFileType = sourcecode.cpp.h; path = FileSystemManager.hpp; sourceTree = "<group>"; };
		9852163A244C7F86008669D8 /* ViewMenu.cpp */ = {isa = PBXFileReference; lastKnownFileType = sourcecode.cpp.cpp; path = ViewMenu.cpp; sourceTree = "<group>"; };
		9852163B244C7F86008669D8 /* ViewMenu.hpp */ = {isa = PBXFileReference; lastKnownFileType = sourcecode.cpp.h; path = ViewMenu.hpp; sourceTree = "<group>"; };
/* End PBXFileReference section */

/* Begin PBXFrameworksBuildPhase section */
		983607B42449B6F200BC2CBC /* Frameworks */ = {
			isa = PBXFrameworksBuildPhase;
			buildActionMask = 2147483647;
			files = (
			);
			runOnlyForDeploymentPostprocessing = 0;
		};
/* End PBXFrameworksBuildPhase section */

/* Begin PBXGroup section */
		98236335244B5F2700D16D78 /* Interfaces */ = {
			isa = PBXGroup;
			children = (
				98236338244B5F4D00D16D78 /* MainMenu.hpp */,
				9823633E244B683A00D16D78 /* SortFunctions.hpp */,
				98236347244C39CB00D16D78 /* SearchFunctions.hpp */,
				9852163B244C7F86008669D8 /* ViewMenu.hpp */,
			);
			path = Interfaces;
			sourceTree = "<group>";
		};
		98236336244B5F3B00D16D78 /* Interfaces */ = {
			isa = PBXGroup;
			children = (
				98236337244B5F4D00D16D78 /* MainMenu.cpp */,
				9823633D244B683A00D16D78 /* SortFunctions.cpp */,
				98236346244C39CB00D16D78 /* SearchFunctions.cpp */,
				9852163A244C7F86008669D8 /* ViewMenu.cpp */,
			);
			path = Interfaces;
			sourceTree = "<group>";
		};
		983607AE2449B6F200BC2CBC = {
			isa = PBXGroup;
			children = (
				983607B92449B6F200BC2CBC /* OOP_5 */,
				983607B82449B6F200BC2CBC /* Products */,
			);
			sourceTree = "<group>";
		};
		983607B82449B6F200BC2CBC /* Products */ = {
			isa = PBXGroup;
			children = (
				983607B72449B6F200BC2CBC /* OOP_5 */,
			);
			name = Products;
			sourceTree = "<group>";
		};
		983607B92449B6F200BC2CBC /* OOP_5 */ = {
			isa = PBXGroup;
			children = (
				983607C42449B85900BC2CBC /* Headers */,
				983607C32449B84C00BC2CBC /* SourceCode */,
				983607BA2449B6F200BC2CBC /* main.cpp */,
			);
			path = OOP_5;
			sourceTree = "<group>";
		};
		983607C32449B84C00BC2CBC /* SourceCode */ = {
			isa = PBXGroup;
			children = (
				98236336244B5F3B00D16D78 /* Interfaces */,
				983607D22449B99D00BC2CBC /* Utilities */,
				983607C92449B88400BC2CBC /* Classes */,
			);
			path = SourceCode;
			sourceTree = "<group>";
		};
		983607C42449B85900BC2CBC /* Headers */ = {
			isa = PBXGroup;
			children = (
				98236335244B5F2700D16D78 /* Interfaces */,
				983607D12449B98800BC2CBC /* Utilities */,
				983607C82449B87800BC2CBC /* Classes */,
			);
			path = Headers;
			sourceTree = "<group>";
		};
		983607C82449B87800BC2CBC /* Classes */ = {
			isa = PBXGroup;
			children = (
				983607C62449B87400BC2CBC /* Property.hpp */,
				983607CB2449B89F00BC2CBC /* House.hpp */,
				983607CE2449B8BC00BC2CBC /* Apartment.hpp */,
			);
			path = Classes;
			sourceTree = "<group>";
		};
		983607C92449B88400BC2CBC /* Classes */ = {
			isa = PBXGroup;
			children = (
				983607C52449B87400BC2CBC /* Property.cpp */,
				983607CA2449B89F00BC2CBC /* House.cpp */,
				983607CD2449B8BC00BC2CBC /* Apartment.cpp */,
			);
			path = Classes;
			sourceTree = "<group>";
		};
		983607D12449B98800BC2CBC /* Utilities */ = {
			isa = PBXGroup;
			children = (
				983607D42449B9C500BC2CBC /* Area.hpp */,
				983607D7244AB8E000BC2CBC /* FileSystemManager.hpp */,
				98236341244C272E00D16D78 /* UtilityFunctions.hpp */,
				98236332244B166C00D16D78 /* CreateFunctions.hpp */,
				9823633B244B5FC400D16D78 /* Comparators.hpp */,
			);
			path = Utilities;
			sourceTree = "<group>";
		};
		983607D22449B99D00BC2CBC /* Utilities */ = {
			isa = PBXGroup;
			children = (
				983607D32449B9C500BC2CBC /* Area.cpp */,
				983607D6244AB8E000BC2CBC /* FileSystemManager.cpp */,
				9823632E244ABD5800D16D78 /* UtilityFunctions.cpp */,
				98236331244B166C00D16D78 /* CreateFunctions.cpp */,
				9823633A244B5FC400D16D78 /* Comparators.cpp */,
			);
			path = Utilities;
			sourceTree = "<group>";
		};
/* End PBXGroup section */

/* Begin PBXNativeTarget section */
		983607B62449B6F200BC2CBC /* OOP_5 */ = {
			isa = PBXNativeTarget;
			buildConfigurationList = 983607BE2449B6F200BC2CBC /* Build configuration list for PBXNativeTarget "OOP_5" */;
			buildPhases = (
				983607B32449B6F200BC2CBC /* Sources */,
				983607B42449B6F200BC2CBC /* Frameworks */,
				983607B52449B6F200BC2CBC /* CopyFiles */,
			);
			buildRules = (
			);
			dependencies = (
			);
			name = OOP_5;
			productName = OOP_5;
			productReference = 983607B72449B6F200BC2CBC /* OOP_5 */;
			productType = "com.apple.product-type.tool";
		};
/* End PBXNativeTarget section */

/* Begin PBXProject section */
		983607AF2449B6F200BC2CBC /* Project object */ = {
			isa = PBXProject;
			attributes = {
				LastUpgradeCheck = 1010;
				ORGANIZATIONNAME = "Николай Курко";
				TargetAttributes = {
					983607B62449B6F200BC2CBC = {
						CreatedOnToolsVersion = 10.1;
					};
				};
			};
			buildConfigurationList = 983607B22449B6F200BC2CBC /* Build configuration list for PBXProject "OOP_5" */;
			compatibilityVersion = "Xcode 9.3";
			developmentRegion = en;
			hasScannedForEncodings = 0;
			knownRegions = (
				en,
			);
			mainGroup = 983607AE2449B6F200BC2CBC;
			productRefGroup = 983607B82449B6F200BC2CBC /* Products */;
			projectDirPath = "";
			projectRoot = "";
			targets = (
				983607B62449B6F200BC2CBC /* OOP_5 */,
			);
		};
/* End PBXProject section */

/* Begin PBXSourcesBuildPhase section */
		983607B32449B6F200BC2CBC /* Sources */ = {
			isa = PBXSourcesBuildPhase;
			buildActionMask = 2147483647;
			files = (
				983607D8244AB8E000BC2CBC /* FileSystemManager.cpp in Sources */,
				9823633F244B683A00D16D78 /* SortFunctions.cpp in Sources */,
				98236339244B5F4E00D16D78 /* MainMenu.cpp in Sources */,
				98236333244B166C00D16D78 /* CreateFunctions.cpp in Sources */,
				98236348244C39CB00D16D78 /* SearchFunctions.cpp in Sources */,
				983607C72449B87400BC2CBC /* Property.cpp in Sources */,
				983607BB2449B6F200BC2CBC /* main.cpp in Sources */,
				9852163C244C7F86008669D8 /* ViewMenu.cpp in Sources */,
				983607CF2449B8BC00BC2CBC /* Apartment.cpp in Sources */,
				983607CC2449B89F00BC2CBC /* House.cpp in Sources */,
				983607D52449B9C500BC2CBC /* Area.cpp in Sources */,
				98236330244ABD5800D16D78 /* UtilityFunctions.cpp in Sources */,
				9823633C244B5FC400D16D78 /* Comparators.cpp in Sources */,
			);
			runOnlyForDeploymentPostprocessing = 0;
		};
/* End PBXSourcesBuildPhase section */

/* Begin XCBuildConfiguration section */
		983607BC2449B6F200BC2CBC /* Debug */ = {
			isa = XCBuildConfiguration;
			buildSettings = {
				ALWAYS_SEARCH_USER_PATHS = NO;
				CLANG_ANALYZER_NONNULL = YES;
				CLANG_ANALYZER_NUMBER_OBJECT_CONVERSION = YES_AGGRESSIVE;
				CLANG_CXX_LANGUAGE_STANDARD = "gnu++14";
				CLANG_CXX_LIBRARY = "libc++";
				CLANG_ENABLE_MODULES = YES;
				CLANG_ENABLE_OBJC_ARC = YES;
				CLANG_ENABLE_OBJC_WEAK = YES;
				CLANG_WARN_BLOCK_CAPTURE_AUTORELEASING = YES;
				CLANG_WARN_BOOL_CONVERSION = YES;
				CLANG_WARN_COMMA = YES;
				CLANG_WARN_CONSTANT_CONVERSION = YES;
				CLANG_WARN_DEPRECATED_OBJC_IMPLEMENTATIONS = YES;
				CLANG_WARN_DIRECT_OBJC_ISA_USAGE = YES_ERROR;
				CLANG_WARN_DOCUMENTATION_COMMENTS = YES;
				CLANG_WARN_EMPTY_BODY = YES;
				CLANG_WARN_ENUM_CONVERSION = YES;
				CLANG_WARN_INFINITE_RECURSION = YES;
				CLANG_WARN_INT_CONVERSION = YES;
				CLANG_WARN_NON_LITERAL_NULL_CONVERSION = YES;
				CLANG_WARN_OBJC_IMPLICIT_RETAIN_SELF = YES;
				CLANG_WARN_OBJC_LITERAL_CONVERSION = YES;
				CLANG_WARN_OBJC_ROOT_CLASS = YES_ERROR;
				CLANG_WARN_RANGE_LOOP_ANALYSIS = YES;
				CLANG_WARN_STRICT_PROTOTYPES = YES;
				CLANG_WARN_SUSPICIOUS_MOVE = YES;
				CLANG_WARN_UNGUARDED_AVAILABILITY = YES_AGGRESSIVE;
				CLANG_WARN_UNREACHABLE_CODE = YES;
				CLANG_WARN__DUPLICATE_METHOD_MATCH = YES;
				CODE_SIGN_IDENTITY = "-";
				COPY_PHASE_STRIP = NO;
				DEBUG_INFORMATION_FORMAT = dwarf;
				ENABLE_STRICT_OBJC_MSGSEND = YES;
				ENABLE_TESTABILITY = YES;
				GCC_C_LANGUAGE_STANDARD = gnu11;
				GCC_DYNAMIC_NO_PIC = NO;
				GCC_NO_COMMON_BLOCKS = YES;
				GCC_OPTIMIZATION_LEVEL = 0;
				GCC_PREPROCESSOR_DEFINITIONS = (
					"DEBUG=1",
					"$(inherited)",
				);
				GCC_WARN_64_TO_32_BIT_CONVERSION = YES;
				GCC_WARN_ABOUT_RETURN_TYPE = YES_ERROR;
				GCC_WARN_UNDECLARED_SELECTOR = YES;
				GCC_WARN_UNINITIALIZED_AUTOS = YES_AGGRESSIVE;
				GCC_WARN_UNUSED_FUNCTION = YES;
				GCC_WARN_UNUSED_VARIABLE = YES;
				MACOSX_DEPLOYMENT_TARGET = 10.14;
				MTL_ENABLE_DEBUG_INFO = INCLUDE_SOURCE;
				MTL_FAST_MATH = YES;
				ONLY_ACTIVE_ARCH = YES;
				SDKROOT = macosx;
			};
			name = Debug;
		};
		983607BD2449B6F200BC2CBC /* Release */ = {
			isa = XCBuildConfiguration;
			buildSettings = {
				ALWAYS_SEARCH_USER_PATHS = NO;
				CLANG_ANALYZER_NONNULL = YES;
				CLANG_ANALYZER_NUMBER_OBJECT_CONVERSION = YES_AGGRESSIVE;
				CLANG_CXX_LANGUAGE_STANDARD = "gnu++14";
				CLANG_CXX_LIBRARY = "libc++";
				CLANG_ENABLE_MODULES = YES;
				CLANG_ENABLE_OBJC_ARC = YES;
				CLANG_ENABLE_OBJC_WEAK = YES;
				CLANG_WARN_BLOCK_CAPTURE_AUTORELEASING = YES;
				CLANG_WARN_BOOL_CONVERSION = YES;
				CLANG_WARN_COMMA = YES;
				CLANG_WARN_CONSTANT_CONVERSION = YES;
				CLANG_WARN_DEPRECATED_OBJC_IMPLEMENTATIONS = YES;
				CLANG_WARN_DIRECT_OBJC_ISA_USAGE = YES_ERROR;
				CLANG_WARN_DOCUMENTATION_COMMENTS = YES;
				CLANG_WARN_EMPTY_BODY = YES;
				CLANG_WARN_ENUM_CONVERSION = YES;
				CLANG_WARN_INFINITE_RECURSION = YES;
				CLANG_WARN_INT_CONVERSION = YES;
				CLANG_WARN_NON_LITERAL_NULL_CONVERSION = YES;
				CLANG_WARN_OBJC_IMPLICIT_RETAIN_SELF = YES;
				CLANG_WARN_OBJC_LITERAL_CONVERSION = YES;
				CLANG_WARN_OBJC_ROOT_CLASS = YES_ERROR;
				CLANG_WARN_RANGE_LOOP_ANALYSIS = YES;
				CLANG_WARN_STRICT_PROTOTYPES = YES;
				CLANG_WARN_SUSPICIOUS_MOVE = YES;
				CLANG_WARN_UNGUARDED_AVAILABILITY = YES_AGGRESSIVE;
				CLANG_WARN_UNREACHABLE_CODE = YES;
				CLANG_WARN__DUPLICATE_METHOD_MATCH = YES;
				CODE_SIGN_IDENTITY = "-";
				COPY_PHASE_STRIP = NO;
				DEBUG_INFORMATION_FORMAT = "dwarf-with-dsym";
				ENABLE_NS_ASSERTIONS = NO;
				ENABLE_STRICT_OBJC_MSGSEND = YES;
				GCC_C_LANGUAGE_STANDARD = gnu11;
				GCC_NO_COMMON_BLOCKS = YES;
				GCC_WARN_64_TO_32_BIT_CONVERSION = YES;
				GCC_WARN_ABOUT_RETURN_TYPE = YES_ERROR;
				GCC_WARN_UNDECLARED_SELECTOR = YES;
				GCC_WARN_UNINITIALIZED_AUTOS = YES_AGGRESSIVE;
				GCC_WARN_UNUSED_FUNCTION = YES;
				GCC_WARN_UNUSED_VARIABLE = YES;
				MACOSX_DEPLOYMENT_TARGET = 10.14;
				MTL_ENABLE_DEBUG_INFO = NO;
				MTL_FAST_MATH = YES;
				SDKROOT = macosx;
			};
			name = Release;
		};
		983607BF2449B6F200BC2CBC /* Debug */ = {
			isa = XCBuildConfiguration;
			buildSettings = {
				CLANG_CXX_LANGUAGE_STANDARD = "gnu++17";
				CODE_SIGN_STYLE = Automatic;
				PRODUCT_NAME = "$(TARGET_NAME)";
			};
			name = Debug;
		};
		983607C02449B6F200BC2CBC /* Release */ = {
			isa = XCBuildConfiguration;
			buildSettings = {
				CLANG_CXX_LANGUAGE_STANDARD = "gnu++17";
				CODE_SIGN_STYLE = Automatic;
				PRODUCT_NAME = "$(TARGET_NAME)";
			};
			name = Release;
		};
/* End XCBuildConfiguration section */

/* Begin XCConfigurationList section */
		983607B22449B6F200BC2CBC /* Build configuration list for PBXProject "OOP_5" */ = {
			isa = XCConfigurationList;
			buildConfigurations = (
				983607BC2449B6F200BC2CBC /* Debug */,
				983607BD2449B6F200BC2CBC /* Release */,
			);
			defaultConfigurationIsVisible = 0;
			defaultConfigurationName = Release;
		};
		983607BE2449B6F200BC2CBC /* Build configuration list for PBXNativeTarget "OOP_5" */ = {
			isa = XCConfigurationList;
			buildConfigurations = (
				983607BF2449B6F200BC2CBC /* Debug */,
				983607C02449B6F200BC2CBC /* Release */,
			);
			defaultConfigurationIsVisible = 0;
			defaultConfigurationName = Release;
		};
/* End XCConfigurationList section */
	};
	rootObject = 983607AF2449B6F200BC2CBC /* Project object */;
}
